PODS:
  - pop (1.0.12)
  - PopBounceButton (1.1.1):
    - pop (~> 1.0)

DEPENDENCIES:
  - PopBounceButton (from `../`)

SPEC REPOS:
  https://github.com/CocoaPods/Specs.git:
    - pop

EXTERNAL SOURCES:
  PopBounceButton:
    :path: "../"

SPEC CHECKSUMS:
  pop: d582054913807fd11fd50bfe6a539d91c7e1a55a
  PopBounceButton: 878b6fbef4761b4762ab2a19aabc052805af85bc

PODFILE CHECKSUM: af2d780f4fb227f8cee3a85b52dfdaa1b7309d80

COCOAPODS: 1.5.0
