// !$*UTF8*$!
{
	archiveVersion = 1;
	classes = {
	};
	objectVersion = 50;
	objects = {

/* Begin PBXBuildFile section */
		5AD4D457F7BBA33ACFAEA8F6 /* Pods_PopBounceButton_Example.framework in Frameworks */ = {isa = PBXBuildFile; fileRef = 33FAAEAA16BD09A8C1B4D752 /* Pods_PopBounceButton_Example.framework */; };
		6623A8617AFDADC625BD4005 /* Pods_PopBounceButton_Tests.framework in Frameworks */ = {isa = PBXBuildFile; fileRef = B111491302068C79AA92D740 /* Pods_PopBounceButton_Tests.framework */; };
		AD3CCB1221B1E49300A5886E /* Float+Extensions.swift in Sources */ = {isa = PBXBuildFile; fileRef = AD3CCB1121B1E49300A5886E /* Float+Extensions.swift */; };
		AD480E4820E6E78D00E42B72 /* LICENSE in Resources */ = {isa = PBXBuildFile; fileRef = AD480E4520E6E78D00E42B72 /* LICENSE */; };
		AD480E4920E6E78D00E42B72 /* PopBounceButton.podspec in Resources */ = {isa = PBXBuildFile; fileRef = AD480E4620E6E78D00E42B72 /* PopBounceButton.podspec */; };
		AD480E4A20E6E78D00E42B72 /* README.md in Resources */ = {isa = PBXBuildFile; fileRef = AD480E4720E6E78D00E42B72 /* README.md */; };
		AD7AB77020E6E62900ED965D /* Assets.xcassets in Resources */ = {isa = PBXBuildFile; fileRef = AD7AB76F20E6E62900ED965D /* Assets.xcassets */; };
		AD7AB77320E6E62900ED965D /* LaunchScreen.storyboard in Resources */ = {isa = PBXBuildFile; fileRef = AD7AB77120E6E62900ED965D /* LaunchScreen.storyboard */; };
		AD7AB78020E6E6A800ED965D /* DemoViewController.swift in Sources */ = {isa = PBXBuildFile; fileRef = AD7AB77A20E6E6A700ED965D /* DemoViewController.swift */; };
		AD7AB78120E6E6A800ED965D /* AppDelegate.swift in Sources */ = {isa = PBXBuildFile; fileRef = AD7AB77B20E6E6A800ED965D /* AppDelegate.swift */; };
		AD7AB78220E6E6A800ED965D /* TinderDemoViewController.swift in Sources */ = {isa = PBXBuildFile; fileRef = AD7AB77C20E6E6A800ED965D /* TinderDemoViewController.swift */; };
		AD7AB78320E6E6A800ED965D /* UIView+Extensions.swift in Sources */ = {isa = PBXBuildFile; fileRef = AD7AB77D20E6E6A800ED965D /* UIView+Extensions.swift */; };
		AD7AB78520E6E6A800ED965D /* AnimationDemoViewController.swift in Sources */ = {isa = PBXBuildFile; fileRef = AD7AB77F20E6E6A800ED965D /* AnimationDemoViewController.swift */; };
		ADE42D7621B343F8006BD209 /* Slider.swift in Sources */ = {isa = PBXBuildFile; fileRef = ADE42D7521B343F8006BD209 /* Slider.swift */; };
		ADE42D7821B34416006BD209 /* ResizingLabel.swift in Sources */ = {isa = PBXBuildFile; fileRef = ADE42D7721B34416006BD209 /* ResizingLabel.swift */; };
		ADE42D7B21B3483D006BD209 /* TinderButton.swift in Sources */ = {isa = PBXBuildFile; fileRef = ADE42D7A21B3483D006BD209 /* TinderButton.swift */; };
		ADE42D7D21B35196006BD209 /* ButtonStackView.swift in Sources */ = {isa = PBXBuildFile; fileRef = ADE42D7C21B35196006BD209 /* ButtonStackView.swift */; };
		ADE42D7F21B36C0C006BD209 /* MessageDemoViewController.swift in Sources */ = {isa = PBXBuildFile; fileRef = ADE42D7E21B36C0C006BD209 /* MessageDemoViewController.swift */; };
		ADE42D8121B387C9006BD209 /* MessageButton.swift in Sources */ = {isa = PBXBuildFile; fileRef = ADE42D8021B387C9006BD209 /* MessageButton.swift */; };
		ADFE0D3921D96E4D00A8D46D /* PopBounceButtonSpec.swift in Sources */ = {isa = PBXBuildFile; fileRef = ADFE0D3821D96E4D00A8D46D /* PopBounceButtonSpec.swift */; };
/* End PBXBuildFile section */

/* Begin PBXContainerItemProxy section */
		ADFE0D3B21D96E4D00A8D46D /* PBXContainerItemProxy */ = {
			isa = PBXContainerItemProxy;
			containerPortal = AD7AB75D20E6E62800ED965D /* Project object */;
			proxyType = 1;
			remoteGlobalIDString = AD7AB76420E6E62800ED965D;
			remoteInfo = PopBounceButton_Example;
		};
/* End PBXContainerItemProxy section */

/* Begin PBXFileReference section */
		33FAAEAA16BD09A8C1B4D752 /* Pods_PopBounceButton_Example.framework */ = {isa = PBXFileReference; explicitFileType = wrapper.framework; includeInIndex = 0; path = Pods_PopBounceButton_Example.framework; sourceTree = BUILT_PRODUCTS_DIR; };
		93216453183ECE8BB9838CFA /* Pods-PopBounceButton_Example.debug.xcconfig */ = {isa = PBXFileReference; includeInIndex = 1; lastKnownFileType = text.xcconfig; name = "Pods-PopBounceButton_Example.debug.xcconfig"; path = "Pods/Target Support Files/Pods-PopBounceButton_Example/Pods-PopBounceButton_Example.debug.xcconfig"; sourceTree = "<group>"; };
		A568A31BE4542EAF5C68EBBC /* Pods-PopBounceButton_Example.release.xcconfig */ = {isa = PBXFileReference; includeInIndex = 1; lastKnownFileType = text.xcconfig; name = "Pods-PopBounceButton_Example.release.xcconfig"; path = "Pods/Target Support Files/Pods-PopBounceButton_Example/Pods-PopBounceButton_Example.release.xcconfig"; sourceTree = "<group>"; };
		AB2B508B74EFCE664EA381C4 /* Pods-PopBounceButton_Tests.release.xcconfig */ = {isa = PBXFileReference; includeInIndex = 1; lastKnownFileType = text.xcconfig; name = "Pods-PopBounceButton_Tests.release.xcconfig"; path = "Pods/Target Support Files/Pods-PopBounceButton_Tests/Pods-PopBounceButton_Tests.release.xcconfig"; sourceTree = "<group>"; };
		AD3CCB1121B1E49300A5886E /* Float+Extensions.swift */ = {isa = PBXFileReference; lastKnownFileType = sourcecode.swift; path = "Float+Extensions.swift"; sourceTree = "<group>"; };
		AD480E4520E6E78D00E42B72 /* LICENSE */ = {isa = PBXFileReference; fileEncoding = 4; lastKnownFileType = text; name = LICENSE; path = ../LICENSE; sourceTree = "<group>"; };
		AD480E4620E6E78D00E42B72 /* PopBounceButton.podspec */ = {isa = PBXFileReference; fileEncoding = 4; lastKnownFileType = text; name = PopBounceButton.podspec; path = ../PopBounceButton.podspec; sourceTree = "<group>"; xcLanguageSpecificationIdentifier = xcode.lang.ruby; };
		AD480E4720E6E78D00E42B72 /* README.md */ = {isa = PBXFileReference; fileEncoding = 4; lastKnownFileType = net.daringfireball.markdown; name = README.md; path = ../README.md; sourceTree = "<group>"; };
		AD7AB76520E6E62800ED965D /* PopBounceButton_Example.app */ = {isa = PBXFileReference; explicitFileType = wrapper.application; includeInIndex = 0; path = PopBounceButton_Example.app; sourceTree = BUILT_PRODUCTS_DIR; };
		AD7AB76F20E6E62900ED965D /* Assets.xcassets */ = {isa = PBXFileReference; lastKnownFileType = folder.assetcatalog; path = Assets.xcassets; sourceTree = "<group>"; };
		AD7AB77220E6E62900ED965D /* Base */ = {isa = PBXFileReference; lastKnownFileType = file.storyboard; name = Base; path = Base.lproj/LaunchScreen.storyboard; sourceTree = "<group>"; };
		AD7AB77420E6E62900ED965D /* Info.plist */ = {isa = PBXFileReference; lastKnownFileType = text.plist.xml; path = Info.plist; sourceTree = "<group>"; };
		AD7AB77A20E6E6A700ED965D /* DemoViewController.swift */ = {isa = PBXFileReference; fileEncoding = 4; lastKnownFileType = sourcecode.swift; path = DemoViewController.swift; sourceTree = "<group>"; };
		AD7AB77B20E6E6A800ED965D /* AppDelegate.swift */ = {isa = PBXFileReference; fileEncoding = 4; lastKnownFileType = sourcecode.swift; path = AppDelegate.swift; sourceTree = "<group>"; };
		AD7AB77C20E6E6A800ED965D /* TinderDemoViewController.swift */ = {isa = PBXFileReference; fileEncoding = 4; lastKnownFileType = sourcecode.swift; path = TinderDemoViewController.swift; sourceTree = "<group>"; };
		AD7AB77D20E6E6A800ED965D /* UIView+Extensions.swift */ = {isa = PBXFileReference; fileEncoding = 4; lastKnownFileType = sourcecode.swift; path = "UIView+Extensions.swift"; sourceTree = "<group>"; };
		AD7AB77F20E6E6A800ED965D /* AnimationDemoViewController.swift */ = {isa = PBXFileReference; fileEncoding = 4; lastKnownFileType = sourcecode.swift; path = AnimationDemoViewController.swift; sourceTree = "<group>"; };
		ADE42D7521B343F8006BD209 /* Slider.swift */ = {isa = PBXFileReference; lastKnownFileType = sourcecode.swift; path = Slider.swift; sourceTree = "<group>"; };
		ADE42D7721B34416006BD209 /* ResizingLabel.swift */ = {isa = PBXFileReference; lastKnownFileType = sourcecode.swift; path = ResizingLabel.swift; sourceTree = "<group>"; };
		ADE42D7A21B3483D006BD209 /* TinderButton.swift */ = {isa = PBXFileReference; lastKnownFileType = sourcecode.swift; path = TinderButton.swift; sourceTree = "<group>"; };
		ADE42D7C21B35196006BD209 /* ButtonStackView.swift */ = {isa = PBXFileReference; lastKnownFileType = sourcecode.swift; path = ButtonStackView.swift; sourceTree = "<group>"; };
		ADE42D7E21B36C0C006BD209 /* MessageDemoViewController.swift */ = {isa = PBXFileReference; lastKnownFileType = sourcecode.swift; path = MessageDemoViewController.swift; sourceTree = "<group>"; };
		ADE42D8021B387C9006BD209 /* MessageButton.swift */ = {isa = PBXFileReference; lastKnownFileType = sourcecode.swift; path = MessageButton.swift; sourceTree = "<group>"; };
		ADFE0D3621D96E4D00A8D46D /* PopBounceButton_Tests.xctest */ = {isa = PBXFileReference; explicitFileType = wrapper.cfbundle; includeInIndex = 0; path = PopBounceButton_Tests.xctest; sourceTree = BUILT_PRODUCTS_DIR; };
		ADFE0D3821D96E4D00A8D46D /* PopBounceButtonSpec.swift */ = {isa = PBXFileReference; lastKnownFileType = sourcecode.swift; path = PopBounceButtonSpec.swift; sourceTree = "<group>"; };
		ADFE0D3A21D96E4D00A8D46D /* Info.plist */ = {isa = PBXFileReference; lastKnownFileType = text.plist.xml; path = Info.plist; sourceTree = "<group>"; };
		B111491302068C79AA92D740 /* Pods_PopBounceButton_Tests.framework */ = {isa = PBXFileReference; explicitFileType = wrapper.framework; includeInIndex = 0; path = Pods_PopBounceButton_Tests.framework; sourceTree = BUILT_PRODUCTS_DIR; };
		E1C9FFC6F2C09CC482075227 /* Pods-PopBounceButton_Tests.debug.xcconfig */ = {isa = PBXFileReference; includeInIndex = 1; lastKnownFileType = text.xcconfig; name = "Pods-PopBounceButton_Tests.debug.xcconfig"; path = "Pods/Target Support Files/Pods-PopBounceButton_Tests/Pods-PopBounceButton_Tests.debug.xcconfig"; sourceTree = "<group>"; };
/* End PBXFileReference section */

/* Begin PBXFrameworksBuildPhase section */
		AD7AB76220E6E62800ED965D /* Frameworks */ = {
			isa = PBXFrameworksBuildPhase;
			buildActionMask = 2147483647;
			files = (
				5AD4D457F7BBA33ACFAEA8F6 /* Pods_PopBounceButton_Example.framework in Frameworks */,
			);
			runOnlyForDeploymentPostprocessing = 0;
		};
		ADFE0D3321D96E4D00A8D46D /* Frameworks */ = {
			isa = PBXFrameworksBuildPhase;
			buildActionMask = 2147483647;
			files = (
				6623A8617AFDADC625BD4005 /* Pods_PopBounceButton_Tests.framework in Frameworks */,
			);
			runOnlyForDeploymentPostprocessing = 0;
		};
/* End PBXFrameworksBuildPhase section */

/* Begin PBXGroup section */
		24ACDBE5E6E523ADD2D414D9 /* Pods */ = {
			isa = PBXGroup;
			children = (
				93216453183ECE8BB9838CFA /* Pods-PopBounceButton_Example.debug.xcconfig */,
				A568A31BE4542EAF5C68EBBC /* Pods-PopBounceButton_Example.release.xcconfig */,
				E1C9FFC6F2C09CC482075227 /* Pods-PopBounceButton_Tests.debug.xcconfig */,
				AB2B508B74EFCE664EA381C4 /* Pods-PopBounceButton_Tests.release.xcconfig */,
			);
			name = Pods;
			sourceTree = "<group>";
		};
		AD3CCB1421B1E7C500A5886E /* Extensions */ = {
			isa = PBXGroup;
			children = (
				AD3CCB1121B1E49300A5886E /* Float+Extensions.swift */,
				AD7AB77D20E6E6A800ED965D /* UIView+Extensions.swift */,
			);
			path = Extensions;
			sourceTree = "<group>";
		};
		AD3CCB1521B1E7D800A5886E /* Views */ = {
			isa = PBXGroup;
			children = (
				ADE42D7C21B35196006BD209 /* ButtonStackView.swift */,
				ADE42D8021B387C9006BD209 /* MessageButton.swift */,
				ADE42D7721B34416006BD209 /* ResizingLabel.swift */,
				ADE42D7521B343F8006BD209 /* Slider.swift */,
				ADE42D7A21B3483D006BD209 /* TinderButton.swift */,
			);
			path = Views;
			sourceTree = "<group>";
		};
		AD480E4320E6E71300E42B72 /* Supporting Files */ = {
			isa = PBXGroup;
			children = (
				AD7AB77420E6E62900ED965D /* Info.plist */,
			);
			name = "Supporting Files";
			sourceTree = "<group>";
		};
		AD480E4420E6E76600E42B72 /* Podspec Metadata */ = {
			isa = PBXGroup;
			children = (
				AD480E4620E6E78D00E42B72 /* PopBounceButton.podspec */,
				AD480E4720E6E78D00E42B72 /* README.md */,
				AD480E4520E6E78D00E42B72 /* LICENSE */,
			);
			name = "Podspec Metadata";
			sourceTree = "<group>";
		};
		AD7AB75C20E6E62800ED965D = {
			isa = PBXGroup;
			children = (
				AD480E4420E6E76600E42B72 /* Podspec Metadata */,
				AD7AB76720E6E62800ED965D /* Example for PopBounceButton */,
				ADFE0D3721D96E4D00A8D46D /* Tests */,
				AD7AB76620E6E62800ED965D /* Products */,
				24ACDBE5E6E523ADD2D414D9 /* Pods */,
				B0EE3BECBE3FFCFC5BD6AD7F /* Frameworks */,
			);
			sourceTree = "<group>";
		};
		AD7AB76620E6E62800ED965D /* Products */ = {
			isa = PBXGroup;
			children = (
				AD7AB76520E6E62800ED965D /* PopBounceButton_Example.app */,
				ADFE0D3621D96E4D00A8D46D /* PopBounceButton_Tests.xctest */,
			);
			name = Products;
			sourceTree = "<group>";
		};
		AD7AB76720E6E62800ED965D /* Example for PopBounceButton */ = {
			isa = PBXGroup;
			children = (
				AD7AB77B20E6E6A800ED965D /* AppDelegate.swift */,
				ADE42D7921B34429006BD209 /* Controllers */,
				AD3CCB1421B1E7C500A5886E /* Extensions */,
				AD3CCB1521B1E7D800A5886E /* Views */,
				AD7AB76F20E6E62900ED965D /* Assets.xcassets */,
				AD7AB77120E6E62900ED965D /* LaunchScreen.storyboard */,
				AD480E4320E6E71300E42B72 /* Supporting Files */,
			);
			name = "Example for PopBounceButton";
			path = PopBounceButton;
			sourceTree = "<group>";
		};
		ADE42D7921B34429006BD209 /* Controllers */ = {
			isa = PBXGroup;
			children = (
				AD7AB77F20E6E6A800ED965D /* AnimationDemoViewController.swift */,
				AD7AB77A20E6E6A700ED965D /* DemoViewController.swift */,
				AD7AB77C20E6E6A800ED965D /* TinderDemoViewController.swift */,
				ADE42D7E21B36C0C006BD209 /* MessageDemoViewController.swift */,
			);
			path = Controllers;
			sourceTree = "<group>";
		};
		ADFE0D3721D96E4D00A8D46D /* Tests */ = {
			isa = PBXGroup;
			children = (
				ADFE0D3821D96E4D00A8D46D /* PopBounceButtonSpec.swift */,
				ADFE0D3A21D96E4D00A8D46D /* Info.plist */,
			);
			path = Tests;
			sourceTree = "<group>";
		};
		B0EE3BECBE3FFCFC5BD6AD7F /* Frameworks */ = {
			isa = PBXGroup;
			children = (
				33FAAEAA16BD09A8C1B4D752 /* Pods_PopBounceButton_Example.framework */,
				B111491302068C79AA92D740 /* Pods_PopBounceButton_Tests.framework */,
			);
			name = Frameworks;
			sourceTree = "<group>";
		};
/* End PBXGroup section */

/* Begin PBXNativeTarget section */
		AD7AB76420E6E62800ED965D /* PopBounceButton_Example */ = {
			isa = PBXNativeTarget;
			buildConfigurationList = AD7AB77720E6E62900ED965D /* Build configuration list for PBXNativeTarget "PopBounceButton_Example" */;
			buildPhases = (
				7A042143AFFD0743A9F38231 /* [CP] Check Pods Manifest.lock */,
				AD7AB76120E6E62800ED965D /* Sources */,
				AD7AB76220E6E62800ED965D /* Frameworks */,
				AD7AB76320E6E62800ED965D /* Resources */,
				A50D1119B2EACAC2859AA602 /* [CP] Embed Pods Frameworks */,
			);
			buildRules = (
			);
			dependencies = (
			);
			name = PopBounceButton_Example;
			productName = PopBounceButton;
			productReference = AD7AB76520E6E62800ED965D /* PopBounceButton_Example.app */;
			productType = "com.apple.product-type.application";
		};
		ADFE0D3521D96E4D00A8D46D /* PopBounceButton_Tests */ = {
			isa = PBXNativeTarget;
			buildConfigurationList = ADFE0D3F21D96E4D00A8D46D /* Build configuration list for PBXNativeTarget "PopBounceButton_Tests" */;
			buildPhases = (
				1BE2442F05138264CDA0FDBC /* [CP] Check Pods Manifest.lock */,
				ADFE0D3221D96E4D00A8D46D /* Sources */,
				ADFE0D3321D96E4D00A8D46D /* Frameworks */,
				ADFE0D3421D96E4D00A8D46D /* Resources */,
				4F67BE82594DB97AF4B6632B /* [CP] Embed Pods Frameworks */,
			);
			buildRules = (
			);
			dependencies = (
				ADFE0D3C21D96E4D00A8D46D /* PBXTargetDependency */,
			);
			name = PopBounceButton_Tests;
			productName = PopBounceButton_Tests;
			productReference = ADFE0D3621D96E4D00A8D46D /* PopBounceButton_Tests.xctest */;
			productType = "com.apple.product-type.bundle.unit-test";
		};
/* End PBXNativeTarget section */

/* Begin PBXProject section */
		AD7AB75D20E6E62800ED965D /* Project object */ = {
			isa = PBXProject;
			attributes = {
				LastSwiftUpdateCheck = 1010;
				LastUpgradeCheck = 0940;
				ORGANIZATIONNAME = "Mac Gallagher";
				TargetAttributes = {
					AD7AB76420E6E62800ED965D = {
						CreatedOnToolsVersion = 9.4.1;
						LastSwiftMigration = 1000;
					};
					ADFE0D3521D96E4D00A8D46D = {
						CreatedOnToolsVersion = 10.1;
						TestTargetID = AD7AB76420E6E62800ED965D;
					};
				};
			};
			buildConfigurationList = AD7AB76020E6E62800ED965D /* Build configuration list for PBXProject "PopBounceButton" */;
			compatibilityVersion = "Xcode 9.3";
			developmentRegion = en;
			hasScannedForEncodings = 0;
			knownRegions = (
				en,
				Base,
			);
			mainGroup = AD7AB75C20E6E62800ED965D;
			productRefGroup = AD7AB76620E6E62800ED965D /* Products */;
			projectDirPath = "";
			projectRoot = "";
			targets = (
				AD7AB76420E6E62800ED965D /* PopBounceButton_Example */,
				ADFE0D3521D96E4D00A8D46D /* PopBounceButton_Tests */,
			);
		};
/* End PBXProject section */

/* Begin PBXResourcesBuildPhase section */
		AD7AB76320E6E62800ED965D /* Resources */ = {
			isa = PBXResourcesBuildPhase;
			buildActionMask = 2147483647;
			files = (
				AD480E4820E6E78D00E42B72 /* LICENSE in Resources */,
				AD7AB77320E6E62900ED965D /* LaunchScreen.storyboard in Resources */,
				AD480E4A20E6E78D00E42B72 /* README.md in Resources */,
				AD480E4920E6E78D00E42B72 /* PopBounceButton.podspec in Resources */,
				AD7AB77020E6E62900ED965D /* Assets.xcassets in Resources */,
			);
			runOnlyForDeploymentPostprocessing = 0;
		};
		ADFE0D3421D96E4D00A8D46D /* Resources */ = {
			isa = PBXResourcesBuildPhase;
			buildActionMask = 2147483647;
			files = (
			);
			runOnlyForDeploymentPostprocessing = 0;
		};
/* End PBXResourcesBuildPhase section */

/* Begin PBXShellScriptBuildPhase section */
		1BE2442F05138264CDA0FDBC /* [CP] Check Pods Manifest.lock */ = {
			isa = PBXShellScriptBuildPhase;
			buildActionMask = 2147483647;
			files = (
			);
			inputPaths = (
				"${PODS_PODFILE_DIR_PATH}/Podfile.lock",
				"${PODS_ROOT}/Manifest.lock",
			);
			name = "[CP] Check Pods Manifest.lock";
			outputPaths = (
				"$(DERIVED_FILE_DIR)/Pods-PopBounceButton_Tests-checkManifestLockResult.txt",
			);
			runOnlyForDeploymentPostprocessing = 0;
			shellPath = /bin/sh;
			shellScript = "diff \"${PODS_PODFILE_DIR_PATH}/Podfile.lock\" \"${PODS_ROOT}/Manifest.lock\" > /dev/null\nif [ $? != 0 ] ; then\n    # print error to STDERR\n    echo \"error: The sandbox is not in sync with the Podfile.lock. Run 'pod install' or update your CocoaPods installation.\" >&2\n    exit 1\nfi\n# This output is used by Xcode 'outputs' to avoid re-running this script phase.\necho \"SUCCESS\" > \"${SCRIPT_OUTPUT_FILE_0}\"\n";
			showEnvVarsInLog = 0;
		};
		4F67BE82594DB97AF4B6632B /* [CP] Embed Pods Frameworks */ = {
			isa = PBXShellScriptBuildPhase;
			buildActionMask = 2147483647;
			files = (
			);
			inputPaths = (
				"${SRCROOT}/Pods/Target Support Files/Pods-PopBounceButton_Tests/Pods-PopBounceButton_Tests-frameworks.sh",
				"${BUILT_PRODUCTS_DIR}/PopBounceButton/PopBounceButton.framework",
				"${BUILT_PRODUCTS_DIR}/pop/pop.framework",
				"${BUILT_PRODUCTS_DIR}/Nimble/Nimble.framework",
				"${BUILT_PRODUCTS_DIR}/Quick/Quick.framework",
			);
			name = "[CP] Embed Pods Frameworks";
			outputPaths = (
				"${TARGET_BUILD_DIR}/${FRAMEWORKS_FOLDER_PATH}/PopBounceButton.framework",
				"${TARGET_BUILD_DIR}/${FRAMEWORKS_FOLDER_PATH}/pop.framework",
				"${TARGET_BUILD_DIR}/${FRAMEWORKS_FOLDER_PATH}/Nimble.framework",
				"${TARGET_BUILD_DIR}/${FRAMEWORKS_FOLDER_PATH}/Quick.framework",
			);
			runOnlyForDeploymentPostprocessing = 0;
			shellPath = /bin/sh;
			shellScript = "\"${SRCROOT}/Pods/Target Support Files/Pods-PopBounceButton_Tests/Pods-PopBounceButton_Tests-frameworks.sh\"\n";
			showEnvVarsInLog = 0;
		};
		7A042143AFFD0743A9F38231 /* [CP] Check Pods Manifest.lock */ = {
			isa = PBXShellScriptBuildPhase;
			buildActionMask = 2147483647;
			files = (
			);
			inputPaths = (
				"${PODS_PODFILE_DIR_PATH}/Podfile.lock",
				"${PODS_ROOT}/Manifest.lock",
			);
			name = "[CP] Check Pods Manifest.lock";
			outputPaths = (
				"$(DERIVED_FILE_DIR)/Pods-PopBounceButton_Example-checkManifestLockResult.txt",
			);
			runOnlyForDeploymentPostprocessing = 0;
			shellPath = /bin/sh;
			shellScript = "diff \"${PODS_PODFILE_DIR_PATH}/Podfile.lock\" \"${PODS_ROOT}/Manifest.lock\" > /dev/null\nif [ $? != 0 ] ; then\n    # print error to STDERR\n    echo \"error: The sandbox is not in sync with the Podfile.lock. Run 'pod install' or update your CocoaPods installation.\" >&2\n    exit 1\nfi\n# This output is used by Xcode 'outputs' to avoid re-running this script phase.\necho \"SUCCESS\" > \"${SCRIPT_OUTPUT_FILE_0}\"\n";
			showEnvVarsInLog = 0;
		};
		A50D1119B2EACAC2859AA602 /* [CP] Embed Pods Frameworks */ = {
			isa = PBXShellScriptBuildPhase;
			buildActionMask = 2147483647;
			files = (
			);
			inputPaths = (
				"${SRCROOT}/Pods/Target Support Files/Pods-PopBounceButton_Example/Pods-PopBounceButton_Example-frameworks.sh",
				"${BUILT_PRODUCTS_DIR}/PopBounceButton/PopBounceButton.framework",
				"${BUILT_PRODUCTS_DIR}/pop/pop.framework",
			);
			name = "[CP] Embed Pods Frameworks";
			outputPaths = (
				"${TARGET_BUILD_DIR}/${FRAMEWORKS_FOLDER_PATH}/PopBounceButton.framework",
				"${TARGET_BUILD_DIR}/${FRAMEWORKS_FOLDER_PATH}/pop.framework",
			);
			runOnlyForDeploymentPostprocessing = 0;
			shellPath = /bin/sh;
			shellScript = "\"${SRCROOT}/Pods/Target Support Files/Pods-PopBounceButton_Example/Pods-PopBounceButton_Example-frameworks.sh\"\n";
			showEnvVarsInLog = 0;
		};
/* End PBXShellScriptBuildPhase section */

/* Begin PBXSourcesBuildPhase section */
		AD7AB76120E6E62800ED965D /* Sources */ = {
			isa = PBXSourcesBuildPhase;
			buildActionMask = 2147483647;
			files = (
				AD7AB78120E6E6A800ED965D /* AppDelegate.swift in Sources */,
				ADE42D7D21B35196006BD209 /* ButtonStackView.swift in Sources */,
				ADE42D7F21B36C0C006BD209 /* MessageDemoViewController.swift in Sources */,
				ADE42D7821B34416006BD209 /* ResizingLabel.swift in Sources */,
				AD7AB78020E6E6A800ED965D /* DemoViewController.swift in Sources */,
				ADE42D7621B343F8006BD209 /* Slider.swift in Sources */,
				ADE42D7B21B3483D006BD209 /* TinderButton.swift in Sources */,
				ADE42D8121B387C9006BD209 /* MessageButton.swift in Sources */,
				AD7AB78220E6E6A800ED965D /* TinderDemoViewController.swift in Sources */,
				AD3CCB1221B1E49300A5886E /* Float+Extensions.swift in Sources */,
				AD7AB78520E6E6A800ED965D /* AnimationDemoViewController.swift in Sources */,
				AD7AB78320E6E6A800ED965D /* UIView+Extensions.swift in Sources */,
			);
			runOnlyForDeploymentPostprocessing = 0;
		};
		ADFE0D3221D96E4D00A8D46D /* Sources */ = {
			isa = PBXSourcesBuildPhase;
			buildActionMask = 2147483647;
			files = (
				ADFE0D3921D96E4D00A8D46D /* PopBounceButtonSpec.swift in Sources */,
			);
			runOnlyForDeploymentPostprocessing = 0;
		};
/* End PBXSourcesBuildPhase section */

/* Begin PBXTargetDependency section */
		ADFE0D3C21D96E4D00A8D46D /* PBXTargetDependency */ = {
			isa = PBXTargetDependency;
			target = AD7AB76420E6E62800ED965D /* PopBounceButton_Example */;
			targetProxy = ADFE0D3B21D96E4D00A8D46D /* PBXContainerItemProxy */;
		};
/* End PBXTargetDependency section */

/* Begin PBXVariantGroup section */
		AD7AB77120E6E62900ED965D /* LaunchScreen.storyboard */ = {
			isa = PBXVariantGroup;
			children = (
				AD7AB77220E6E62900ED965D /* Base */,
			);
			name = LaunchScreen.storyboard;
			sourceTree = "<group>";
		};
/* End PBXVariantGroup section */

/* Begin XCBuildConfiguration section */
		AD7AB77520E6E62900ED965D /* Debug */ = {
			isa = XCBuildConfiguration;
			buildSettings = {
				ALWAYS_SEARCH_USER_PATHS = NO;
				CLANG_ANALYZER_NONNULL = YES;
				CLANG_ANALYZER_NUMBER_OBJECT_CONVERSION = YES_AGGRESSIVE;
				CLANG_CXX_LANGUAGE_STANDARD = "gnu++14";
				CLANG_CXX_LIBRARY = "libc++";
				CLANG_ENABLE_MODULES = YES;
				CLANG_ENABLE_OBJC_ARC = YES;
				CLANG_ENABLE_OBJC_WEAK = YES;
				CLANG_WARN_BLOCK_CAPTURE_AUTORELEASING = YES;
				CLANG_WARN_BOOL_CONVERSION = YES;
				CLANG_WARN_COMMA = YES;
				CLANG_WARN_CONSTANT_CONVERSION = YES;
				CLANG_WARN_DEPRECATED_OBJC_IMPLEMENTATIONS = YES;
				CLANG_WARN_DIRECT_OBJC_ISA_USAGE = YES_ERROR;
				CLANG_WARN_DOCUMENTATION_COMMENTS = YES;
				CLANG_WARN_EMPTY_BODY = YES;
				CLANG_WARN_ENUM_CONVERSION = YES;
				CLANG_WARN_INFINITE_RECURSION = YES;
				CLANG_WARN_INT_CONVERSION = YES;
				CLANG_WARN_NON_LITERAL_NULL_CONVERSION = YES;
				CLANG_WARN_OBJC_IMPLICIT_RETAIN_SELF = YES;
				CLANG_WARN_OBJC_LITERAL_CONVERSION = YES;
				CLANG_WARN_OBJC_ROOT_CLASS = YES_ERROR;
				CLANG_WARN_RANGE_LOOP_ANALYSIS = YES;
				CLANG_WARN_STRICT_PROTOTYPES = YES;
				CLANG_WARN_SUSPICIOUS_MOVE = YES;
				CLANG_WARN_UNGUARDED_AVAILABILITY = YES_AGGRESSIVE;
				CLANG_WARN_UNREACHABLE_CODE = YES;
				CLANG_WARN__DUPLICATE_METHOD_MATCH = YES;
				CODE_SIGN_IDENTITY = "iPhone Developer";
				COPY_PHASE_STRIP = NO;
				DEBUG_INFORMATION_FORMAT = dwarf;
				ENABLE_STRICT_OBJC_MSGSEND = YES;
				ENABLE_TESTABILITY = YES;
				GCC_C_LANGUAGE_STANDARD = gnu11;
				GCC_DYNAMIC_NO_PIC = NO;
				GCC_NO_COMMON_BLOCKS = YES;
				GCC_OPTIMIZATION_LEVEL = 0;
				GCC_PREPROCESSOR_DEFINITIONS = (
					"DEBUG=1",
					"$(inherited)",
				);
				GCC_WARN_64_TO_32_BIT_CONVERSION = YES;
				GCC_WARN_ABOUT_RETURN_TYPE = YES_ERROR;
				GCC_WARN_UNDECLARED_SELECTOR = YES;
				GCC_WARN_UNINITIALIZED_AUTOS = YES_AGGRESSIVE;
				GCC_WARN_UNUSED_FUNCTION = YES;
				GCC_WARN_UNUSED_VARIABLE = YES;
				IPHONEOS_DEPLOYMENT_TARGET = 12.1;
				MTL_ENABLE_DEBUG_INFO = YES;
				ONLY_ACTIVE_ARCH = YES;
				SDKROOT = iphoneos;
				SWIFT_ACTIVE_COMPILATION_CONDITIONS = DEBUG;
				SWIFT_OPTIMIZATION_LEVEL = "-Onone";
			};
			name = Debug;
		};
		AD7AB77620E6E62900ED965D /* Release */ = {
			isa = XCBuildConfiguration;
			buildSettings = {
				ALWAYS_SEARCH_USER_PATHS = NO;
				CLANG_ANALYZER_NONNULL = YES;
				CLANG_ANALYZER_NUMBER_OBJECT_CONVERSION = YES_AGGRESSIVE;
				CLANG_CXX_LANGUAGE_STANDARD = "gnu++14";
				CLANG_CXX_LIBRARY = "libc++";
				CLANG_ENABLE_MODULES = YES;
				CLANG_ENABLE_OBJC_ARC = YES;
				CLANG_ENABLE_OBJC_WEAK = YES;
				CLANG_WARN_BLOCK_CAPTURE_AUTORELEASING = YES;
				CLANG_WARN_BOOL_CONVERSION = YES;
				CLANG_WARN_COMMA = YES;
				CLANG_WARN_CONSTANT_CONVERSION = YES;
				CLANG_WARN_DEPRECATED_OBJC_IMPLEMENTATIONS = YES;
				CLANG_WARN_DIRECT_OBJC_ISA_USAGE = YES_ERROR;
				CLANG_WARN_DOCUMENTATION_COMMENTS = YES;
				CLANG_WARN_EMPTY_BODY = YES;
				CLANG_WARN_ENUM_CONVERSION = YES;
				CLANG_WARN_INFINITE_RECURSION = YES;
				CLANG_WARN_INT_CONVERSION = YES;
				CLANG_WARN_NON_LITERAL_NULL_CONVERSION = YES;
				CLANG_WARN_OBJC_IMPLICIT_RETAIN_SELF = YES;
				CLANG_WARN_OBJC_LITERAL_CONVERSION = YES;
				CLANG_WARN_OBJC_ROOT_CLASS = YES_ERROR;
				CLANG_WARN_RANGE_LOOP_ANALYSIS = YES;
				CLANG_WARN_STRICT_PROTOTYPES = YES;
				CLANG_WARN_SUSPICIOUS_MOVE = YES;
				CLANG_WARN_UNGUARDED_AVAILABILITY = YES_AGGRESSIVE;
				CLANG_WARN_UNREACHABLE_CODE = YES;
				CLANG_WARN__DUPLICATE_METHOD_MATCH = YES;
				CODE_SIGN_IDENTITY = "iPhone Developer";
				COPY_PHASE_STRIP = NO;
				DEBUG_INFORMATION_FORMAT = "dwarf-with-dsym";
				ENABLE_NS_ASSERTIONS = NO;
				ENABLE_STRICT_OBJC_MSGSEND = YES;
				GCC_C_LANGUAGE_STANDARD = gnu11;
				GCC_NO_COMMON_BLOCKS = YES;
				GCC_WARN_64_TO_32_BIT_CONVERSION = YES;
				GCC_WARN_ABOUT_RETURN_TYPE = YES_ERROR;
				GCC_WARN_UNDECLARED_SELECTOR = YES;
				GCC_WARN_UNINITIALIZED_AUTOS = YES_AGGRESSIVE;
				GCC_WARN_UNUSED_FUNCTION = YES;
				GCC_WARN_UNUSED_VARIABLE = YES;
				IPHONEOS_DEPLOYMENT_TARGET = 12.1;
				MTL_ENABLE_DEBUG_INFO = NO;
				SDKROOT = iphoneos;
				SWIFT_COMPILATION_MODE = wholemodule;
				SWIFT_OPTIMIZATION_LEVEL = "-O";
				VALIDATE_PRODUCT = YES;
			};
			name = Release;
		};
		AD7AB77820E6E62900ED965D /* Debug */ = {
			isa = XCBuildConfiguration;
			baseConfigurationReference = 93216453183ECE8BB9838CFA /* Pods-PopBounceButton_Example.debug.xcconfig */;
			buildSettings = {
				ASSETCATALOG_COMPILER_APPICON_NAME = AppIcon;
				CLANG_ENABLE_MODULES = YES;
				CODE_SIGN_STYLE = Automatic;
				DEVELOPMENT_TEAM = DYZ8Y2U8DB;
				INFOPLIST_FILE = PopBounceButton/Info.plist;
				LD_RUNPATH_SEARCH_PATHS = (
					"$(inherited)",
					"@executable_path/Frameworks",
				);
				PRODUCT_BUNDLE_IDENTIFIER = com.macgallagher.PopBounceButton;
				PRODUCT_NAME = "$(TARGET_NAME)";
				SWIFT_OPTIMIZATION_LEVEL = "-Onone";
				SWIFT_VERSION = 4.2;
				TARGETED_DEVICE_FAMILY = "1,2";
			};
			name = Debug;
		};
		AD7AB77920E6E62900ED965D /* Release */ = {
			isa = XCBuildConfiguration;
			baseConfigurationReference = A568A31BE4542EAF5C68EBBC /* Pods-PopBounceButton_Example.release.xcconfig */;
			buildSettings = {
				ASSETCATALOG_COMPILER_APPICON_NAME = AppIcon;
				CLANG_ENABLE_MODULES = YES;
				CODE_SIGN_STYLE = Automatic;
				DEVELOPMENT_TEAM = DYZ8Y2U8DB;
				INFOPLIST_FILE = PopBounceButton/Info.plist;
				LD_RUNPATH_SEARCH_PATHS = (
					"$(inherited)",
					"@executable_path/Frameworks",
				);
				PRODUCT_BUNDLE_IDENTIFIER = com.macgallagher.PopBounceButton;
				PRODUCT_NAME = "$(TARGET_NAME)";
				SWIFT_VERSION = 4.2;
				TARGETED_DEVICE_FAMILY = "1,2";
			};
			name = Release;
		};
		ADFE0D3D21D96E4D00A8D46D /* Debug */ = {
			isa = XCBuildConfiguration;
			baseConfigurationReference = E1C9FFC6F2C09CC482075227 /* Pods-PopBounceButton_Tests.debug.xcconfig */;
			buildSettings = {
				BUNDLE_LOADER = "$(TEST_HOST)";
				CODE_SIGN_STYLE = Automatic;
				DEVELOPMENT_TEAM = DYZ8Y2U8DB;
				INFOPLIST_FILE = Tests/Info.plist;
				LD_RUNPATH_SEARCH_PATHS = (
					"$(inherited)",
					"@executable_path/Frameworks",
					"@loader_path/Frameworks",
				);
				MTL_ENABLE_DEBUG_INFO = INCLUDE_SOURCE;
				MTL_FAST_MATH = YES;
				PRODUCT_BUNDLE_IDENTIFIER = "com.macgallagher.PopBounceButton-Tests";
				PRODUCT_NAME = "$(TARGET_NAME)";
				SWIFT_VERSION = 4.2;
				TARGETED_DEVICE_FAMILY = "1,2";
				TEST_HOST = "$(BUILT_PRODUCTS_DIR)/PopBounceButton_Example.app/PopBounceButton_Example";
			};
			name = Debug;
		};
		ADFE0D3E21D96E4D00A8D46D /* Release */ = {
			isa = XCBuildConfiguration;
			baseConfigurationReference = AB2B508B74EFCE664EA381C4 /* Pods-PopBounceButton_Tests.release.xcconfig */;
			buildSettings = {
				BUNDLE_LOADER = "$(TEST_HOST)";
				CODE_SIGN_STYLE = Automatic;
				DEVELOPMENT_TEAM = DYZ8Y2U8DB;
				INFOPLIST_FILE = Tests/Info.plist;
				LD_RUNPATH_SEARCH_PATHS = (
					"$(inherited)",
					"@executable_path/Frameworks",
					"@loader_path/Frameworks",
				);
				MTL_FAST_MATH = YES;
				PRODUCT_BUNDLE_IDENTIFIER = "com.macgallagher.PopBounceButton-Tests";
				PRODUCT_NAME = "$(TARGET_NAME)";
				SWIFT_VERSION = 4.2;
				TARGETED_DEVICE_FAMILY = "1,2";
				TEST_HOST = "$(BUILT_PRODUCTS_DIR)/PopBounceButton_Example.app/PopBounceButton_Example";
			};
			name = Release;
		};
/* End XCBuildConfiguration section */

/* Begin XCConfigurationList section */
		AD7AB76020E6E62800ED965D /* Build configuration list for PBXProject "PopBounceButton" */ = {
			isa = XCConfigurationList;
			buildConfigurations = (
				AD7AB77520E6E62900ED965D /* Debug */,
				AD7AB77620E6E62900ED965D /* Release */,
			);
			defaultConfigurationIsVisible = 0;
			defaultConfigurationName = Release;
		};
		AD7AB77720E6E62900ED965D /* Build configuration list for PBXNativeTarget "PopBounceButton_Example" */ = {
			isa = XCConfigurationList;
			buildConfigurations = (
				AD7AB77820E6E62900ED965D /* Debug */,
				AD7AB77920E6E62900ED965D /* Release */,
			);
			defaultConfigurationIsVisible = 0;
			defaultConfigurationName = Release;
		};
		ADFE0D3F21D96E4D00A8D46D /* Build configuration list for PBXNativeTarget "PopBounceButton_Tests" */ = {
			isa = XCConfigurationList;
			buildConfigurations = (
				ADFE0D3D21D96E4D00A8D46D /* Debug */,
				ADFE0D3E21D96E4D00A8D46D /* Release */,
			);
			defaultConfigurationIsVisible = 0;
			defaultConfigurationName = Release;
		};
/* End XCConfigurationList section */
	};
	rootObject = AD7AB75D20E6E62800ED965D /* Project object */;
}
